// !$*UTF8*$!
{
	archiveVersion = 1;
	classes = {
	};
	objectVersion = 46;
	objects = {

/* Begin PBXBuildFile section */
		A22445081CB249FC000E0A24 /* libsqlite3.0.tbd in Frameworks */ = {isa = PBXBuildFile; fileRef = A22445061CB249FC000E0A24 /* libsqlite3.0.tbd */; };
		A22445091CB249FC000E0A24 /* libsqlite3.tbd in Frameworks */ = {isa = PBXBuildFile; fileRef = A22445071CB249FC000E0A24 /* libsqlite3.tbd */; };
		A22445171CB24A13000E0A24 /* FMDatabase.m in Sources */ = {isa = PBXBuildFile; fileRef = A224450C1CB24A13000E0A24 /* FMDatabase.m */; };
		A22445181CB24A13000E0A24 /* FMDatabaseAdditions.m in Sources */ = {isa = PBXBuildFile; fileRef = A224450E1CB24A13000E0A24 /* FMDatabaseAdditions.m */; };
		A22445191CB24A13000E0A24 /* FMDatabasePool.m in Sources */ = {isa = PBXBuildFile; fileRef = A22445101CB24A13000E0A24 /* FMDatabasePool.m */; };
		A224451A1CB24A13000E0A24 /* FMDatabaseQueue.m in Sources */ = {isa = PBXBuildFile; fileRef = A22445121CB24A13000E0A24 /* FMDatabaseQueue.m */; };
		A224451B1CB24A13000E0A24 /* FMResultSet.m in Sources */ = {isa = PBXBuildFile; fileRef = A22445151CB24A13000E0A24 /* FMResultSet.m */; };
		A224451C1CB24A13000E0A24 /* Info.plist in Resources */ = {isa = PBXBuildFile; fileRef = A22445161CB24A13000E0A24 /* Info.plist */; };
		A2BF79131CAA93D50008711F /* main.m in Sources */ = {isa = PBXBuildFile; fileRef = A2BF79121CAA93D50008711F /* main.m */; };
		A2BF79161CAA93D50008711F /* AppDelegate.m in Sources */ = {isa = PBXBuildFile; fileRef = A2BF79151CAA93D50008711F /* AppDelegate.m */; };
		A2BF79191CAA93D60008711F /* FirstViewController.m in Sources */ = {isa = PBXBuildFile; fileRef = A2BF79181CAA93D60008711F /* FirstViewController.m */; };
		A2BF791C1CAA93D60008711F /* SecondViewController.m in Sources */ = {isa = PBXBuildFile; fileRef = A2BF791B1CAA93D60008711F /* SecondViewController.m */; };
		A2BF791F1CAA93D60008711F /* Main.storyboard in Resources */ = {isa = PBXBuildFile; fileRef = A2BF791D1CAA93D60008711F /* Main.storyboard */; };
		A2BF79211CAA93D60008711F /* Assets.xcassets in Resources */ = {isa = PBXBuildFile; fileRef = A2BF79201CAA93D60008711F /* Assets.xcassets */; };
		A2BF79241CAA93D60008711F /* LaunchScreen.storyboard in Resources */ = {isa = PBXBuildFile; fileRef = A2BF79221CAA93D60008711F /* LaunchScreen.storyboard */; };
		A2BF792D1CAA9E190008711F /* AddViewController.m in Sources */ = {isa = PBXBuildFile; fileRef = A2BF792C1CAA9E190008711F /* AddViewController.m */; };
		A2BF792F1CAAA3630008711F /* DataList.plist in Resources */ = {isa = PBXBuildFile; fileRef = A2BF792E1CAAA3630008711F /* DataList.plist */; };
		A2C808051CAAC1780012353A /* CoreData.framework in Frameworks */ = {isa = PBXBuildFile; fileRef = A2C808041CAAC1780012353A /* CoreData.framework */; };
		A2C8080C1CAAC2860012353A /* TvShowManage.xcdatamodeld in Sources */ = {isa = PBXBuildFile; fileRef = A2C8080A1CAAC2860012353A /* TvShowManage.xcdatamodeld */; };
		A2C808451CAAC84A0012353A /* Entity+CoreDataProperties.m in Sources */ = {isa = PBXBuildFile; fileRef = A2C808421CAAC84A0012353A /* Entity+CoreDataProperties.m */; };
		A2C808461CAAC84A0012353A /* Entity.m in Sources */ = {isa = PBXBuildFile; fileRef = A2C808441CAAC84A0012353A /* Entity.m */; };
		A2C8084F1CAB95EF0012353A /* Entity+information.m in Sources */ = {isa = PBXBuildFile; fileRef = A2C8084E1CAB95EF0012353A /* Entity+information.m */; };
/* End PBXBuildFile section */

/* Begin PBXFileReference section */
		A22445061CB249FC000E0A24 /* libsqlite3.0.tbd */ = {isa = PBXFileReference; lastKnownFileType = "sourcecode.text-based-dylib-definition"; name = libsqlite3.0.tbd; path = usr/lib/libsqlite3.0.tbd; sourceTree = SDKROOT; };
		A22445071CB249FC000E0A24 /* libsqlite3.tbd */ = {isa = PBXFileReference; lastKnownFileType = "sourcecode.text-based-dylib-definition"; name = libsqlite3.tbd; path = usr/lib/libsqlite3.tbd; sourceTree = SDKROOT; };
		A224450B1CB24A13000E0A24 /* FMDatabase.h */ = {isa = PBXFileReference; fileEncoding = 4; lastKnownFileType = sourcecode.c.h; path = FMDatabase.h; sourceTree = "<group>"; };
		A224450C1CB24A13000E0A24 /* FMDatabase.m */ = {isa = PBXFileReference; fileEncoding = 4; lastKnownFileType = sourcecode.c.objc; path = FMDatabase.m; sourceTree = "<group>"; };
		A224450D1CB24A13000E0A24 /* FMDatabaseAdditions.h */ = {isa = PBXFileReference; fileEncoding = 4; lastKnownFileType = sourcecode.c.h; path = FMDatabaseAdditions.h; sourceTree = "<group>"; };
		A224450E1CB24A13000E0A24 /* FMDatabaseAdditions.m */ = {isa = PBXFileReference; fileEncoding = 4; lastKnownFileType = sourcecode.c.objc; path = FMDatabaseAdditions.m; sourceTree = "<group>"; };
		A224450F1CB24A13000E0A24 /* FMDatabasePool.h */ = {isa = PBXFileReference; fileEncoding = 4; lastKnownFileType = sourcecode.c.h; path = FMDatabasePool.h; sourceTree = "<group>"; };
		A22445101CB24A13000E0A24 /* FMDatabasePool.m */ = {isa = PBXFileReference; fileEncoding = 4; lastKnownFileType = sourcecode.c.objc; path = FMDatabasePool.m; sourceTree = "<group>"; };
		A22445111CB24A13000E0A24 /* FMDatabaseQueue.h */ = {isa = PBXFileReference; fileEncoding = 4; lastKnownFileType = sourcecode.c.h; path = FMDatabaseQueue.h; sourceTree = "<group>"; };
		A22445121CB24A13000E0A24 /* FMDatabaseQueue.m */ = {isa = PBXFileReference; fileEncoding = 4; lastKnownFileType = sourcecode.c.objc; path = FMDatabaseQueue.m; sourceTree = "<group>"; };
		A22445131CB24A13000E0A24 /* FMDB.h */ = {isa = PBXFileReference; fileEncoding = 4; lastKnownFileType = sourcecode.c.h; path = FMDB.h; sourceTree = "<group>"; };
		A22445141CB24A13000E0A24 /* FMResultSet.h */ = {isa = PBXFileReference; fileEncoding = 4; lastKnownFileType = sourcecode.c.h; path = FMResultSet.h; sourceTree = "<group>"; };
		A22445151CB24A13000E0A24 /* FMResultSet.m */ = {isa = PBXFileReference; fileEncoding = 4; lastKnownFileType = sourcecode.c.objc; path = FMResultSet.m; sourceTree = "<group>"; };
		A22445161CB24A13000E0A24 /* Info.plist */ = {isa = PBXFileReference; fileEncoding = 4; lastKnownFileType = text.plist.xml; path = Info.plist; sourceTree = "<group>"; };
		A2BF790E1CAA93D50008711F /* TvShowManage.app */ = {isa = PBXFileReference; explicitFileType = wrapper.application; includeInIndex = 0; path = TvShowManage.app; sourceTree = BUILT_PRODUCTS_DIR; };
		A2BF79121CAA93D50008711F /* main.m */ = {isa = PBXFileReference; lastKnownFileType = sourcecode.c.objc; path = main.m; sourceTree = "<group>"; };
		A2BF79141CAA93D50008711F /* AppDelegate.h */ = {isa = PBXFileReference; lastKnownFileType = sourcecode.c.h; path = AppDelegate.h; sourceTree = "<group>"; };
		A2BF79151CAA93D50008711F /* AppDelegate.m */ = {isa = PBXFileReference; lastKnownFileType = sourcecode.c.objc; path = AppDelegate.m; sourceTree = "<group>"; };
		A2BF79171CAA93D50008711F /* FirstViewController.h */ = {isa = PBXFileReference; lastKnownFileType = sourcecode.c.h; path = FirstViewController.h; sourceTree = "<group>"; };
		A2BF79181CAA93D60008711F /* FirstViewController.m */ = {isa = PBXFileReference; lastKnownFileType = sourcecode.c.objc; path = FirstViewController.m; sourceTree = "<group>"; };
		A2BF791A1CAA93D60008711F /* SecondViewController.h */ = {isa = PBXFileReference; lastKnownFileType = sourcecode.c.h; path = SecondViewController.h; sourceTree = "<group>"; };
		A2BF791B1CAA93D60008711F /* SecondViewController.m */ = {isa = PBXFileReference; lastKnownFileType = sourcecode.c.objc; path = SecondViewController.m; sourceTree = "<group>"; };
		A2BF791E1CAA93D60008711F /* Base */ = {isa = PBXFileReference; lastKnownFileType = file.storyboard; name = Base; path = Base.lproj/Main.storyboard; sourceTree = "<group>"; };
		A2BF79201CAA93D60008711F /* Assets.xcassets */ = {isa = PBXFileReference; lastKnownFileType = folder.assetcatalog; path = Assets.xcassets; sourceTree = "<group>"; };
		A2BF79231CAA93D60008711F /* Base */ = {isa = PBXFileReference; lastKnownFileType = file.storyboard; name = Base; path = Base.lproj/LaunchScreen.storyboard; sourceTree = "<group>"; };
		A2BF79251CAA93D60008711F /* Info.plist */ = {isa = PBXFileReference; lastKnownFileType = text.plist.xml; path = Info.plist; sourceTree = "<group>"; };
		A2BF792B1CAA9E190008711F /* AddViewController.h */ = {isa = PBXFileReference; fileEncoding = 4; lastKnownFileType = sourcecode.c.h; path = AddViewController.h; sourceTree = "<group>"; };
		A2BF792C1CAA9E190008711F /* AddViewController.m */ = {isa = PBXFileReference; fileEncoding = 4; lastKnownFileType = sourcecode.c.objc; path = AddViewController.m; sourceTree = "<group>"; };
		A2BF792E1CAAA3630008711F /* DataList.plist */ = {isa = PBXFileReference; fileEncoding = 4; lastKnownFileType = text.plist.xml; path = DataList.plist; sourceTree = "<group>"; };
		A2C808041CAAC1780012353A /* CoreData.framework */ = {isa = PBXFileReference; lastKnownFileType = wrapper.framework; name = CoreData.framework; path = System/Library/Frameworks/CoreData.framework; sourceTree = SDKROOT; };
		A2C8080B1CAAC2860012353A /* TvShowManage.xcdatamodel */ = {isa = PBXFileReference; lastKnownFileType = wrapper.xcdatamodel; path = TvShowManage.xcdatamodel; sourceTree = "<group>"; };
		A2C808411CAAC84A0012353A /* Entity+CoreDataProperties.h */ = {isa = PBXFileReference; fileEncoding = 4; lastKnownFileType = sourcecode.c.h; path = "Entity+CoreDataProperties.h"; sourceTree = "<group>"; };
		A2C808421CAAC84A0012353A /* Entity+CoreDataProperties.m */ = {isa = PBXFileReference; fileEncoding = 4; lastKnownFileType = sourcecode.c.objc; path = "Entity+CoreDataProperties.m"; sourceTree = "<group>"; };
		A2C808431CAAC84A0012353A /* Entity.h */ = {isa = PBXFileReference; fileEncoding = 4; lastKnownFileType = sourcecode.c.h; path = Entity.h; sourceTree = "<group>"; };
		A2C808441CAAC84A0012353A /* Entity.m */ = {isa = PBXFileReference; fileEncoding = 4; lastKnownFileType = sourcecode.c.objc; path = Entity.m; sourceTree = "<group>"; };
		A2C8084D1CAB95EF0012353A /* Entity+information.h */ = {isa = PBXFileReference; fileEncoding = 4; lastKnownFileType = sourcecode.c.h; path = "Entity+information.h"; sourceTree = "<group>"; };
		A2C8084E1CAB95EF0012353A /* Entity+information.m */ = {isa = PBXFileReference; fileEncoding = 4; lastKnownFileType = sourcecode.c.objc; path = "Entity+information.m"; sourceTree = "<group>"; };
/* End PBXFileReference section */

/* Begin PBXFrameworksBuildPhase section */
		A2BF790B1CAA93D50008711F /* Frameworks */ = {
			isa = PBXFrameworksBuildPhase;
			buildActionMask = 2147483647;
			files = (
				A22445081CB249FC000E0A24 /* libsqlite3.0.tbd in Frameworks */,
				A22445091CB249FC000E0A24 /* libsqlite3.tbd in Frameworks */,
				A2C808051CAAC1780012353A /* CoreData.framework in Frameworks */,
			);
			runOnlyForDeploymentPostprocessing = 0;
		};
/* End PBXFrameworksBuildPhase section */

/* Begin PBXGroup section */
		A224450A1CB24A13000E0A24 /* fmdb */ = {
			isa = PBXGroup;
			children = (
				A224450B1CB24A13000E0A24 /* FMDatabase.h */,
				A224450C1CB24A13000E0A24 /* FMDatabase.m */,
				A224450D1CB24A13000E0A24 /* FMDatabaseAdditions.h */,
				A224450E1CB24A13000E0A24 /* FMDatabaseAdditions.m */,
				A224450F1CB24A13000E0A24 /* FMDatabasePool.h */,
				A22445101CB24A13000E0A24 /* FMDatabasePool.m */,
				A22445111CB24A13000E0A24 /* FMDatabaseQueue.h */,
				A22445121CB24A13000E0A24 /* FMDatabaseQueue.m */,
				A22445131CB24A13000E0A24 /* FMDB.h */,
				A22445141CB24A13000E0A24 /* FMResultSet.h */,
				A22445151CB24A13000E0A24 /* FMResultSet.m */,
				A22445161CB24A13000E0A24 /* Info.plist */,
			);
			name = fmdb;
			path = "../../../下载/fmdb-master/src/fmdb";
			sourceTree = "<group>";
		};
		A2BF79051CAA93D50008711F = {
			isa = PBXGroup;
			children = (
				A2BF79101CAA93D50008711F /* TvShowManage */,
				A2BF790F1CAA93D50008711F /* Products */,
				A2C808061CAAC17D0012353A /* Frameworks */,
			);
			sourceTree = "<group>";
		};
		A2BF790F1CAA93D50008711F /* Products */ = {
			isa = PBXGroup;
			children = (
				A2BF790E1CAA93D50008711F /* TvShowManage.app */,
			);
			name = Products;
			sourceTree = "<group>";
		};
		A2BF79101CAA93D50008711F /* TvShowManage */ = {
			isa = PBXGroup;
			children = (
				A224450A1CB24A13000E0A24 /* fmdb */,
				A2C808501CABF3850012353A /* Model */,
				A2BF79141CAA93D50008711F /* AppDelegate.h */,
				A2BF79151CAA93D50008711F /* AppDelegate.m */,
				A2BF79171CAA93D50008711F /* FirstViewController.h */,
				A2BF79181CAA93D60008711F /* FirstViewController.m */,
				A2BF791A1CAA93D60008711F /* SecondViewController.h */,
				A2BF791B1CAA93D60008711F /* SecondViewController.m */,
				A2BF792B1CAA9E190008711F /* AddViewController.h */,
				A2BF792C1CAA9E190008711F /* AddViewController.m */,
				A2BF791D1CAA93D60008711F /* Main.storyboard */,
				A2BF79201CAA93D60008711F /* Assets.xcassets */,
				A2BF79221CAA93D60008711F /* LaunchScreen.storyboard */,
				A2BF79251CAA93D60008711F /* Info.plist */,
				A2BF79111CAA93D50008711F /* Supporting Files */,
				A2BF792E1CAAA3630008711F /* DataList.plist */,
			);
			path = TvShowManage;
			sourceTree = "<group>";
		};
		A2BF79111CAA93D50008711F /* Supporting Files */ = {
			isa = PBXGroup;
			children = (
				A2BF79121CAA93D50008711F /* main.m */,
			);
			name = "Supporting Files";
			sourceTree = "<group>";
		};
		A2C808061CAAC17D0012353A /* Frameworks */ = {
			isa = PBXGroup;
			children = (
				A22445061CB249FC000E0A24 /* libsqlite3.0.tbd */,
				A22445071CB249FC000E0A24 /* libsqlite3.tbd */,
				A2C808041CAAC1780012353A /* CoreData.framework */,
			);
			name = Frameworks;
			sourceTree = "<group>";
		};
		A2C808501CABF3850012353A /* Model */ = {
			isa = PBXGroup;
			children = (
				A2C8080A1CAAC2860012353A /* TvShowManage.xcdatamodeld */,
				A2C808411CAAC84A0012353A /* Entity+CoreDataProperties.h */,
				A2C808421CAAC84A0012353A /* Entity+CoreDataProperties.m */,
				A2C808431CAAC84A0012353A /* Entity.h */,
				A2C808441CAAC84A0012353A /* Entity.m */,
				A2C8084D1CAB95EF0012353A /* Entity+information.h */,
				A2C8084E1CAB95EF0012353A /* Entity+information.m */,
			);
			name = Model;
			sourceTree = "<group>";
		};
/* End PBXGroup section */

/* Begin PBXNativeTarget section */
		A2BF790D1CAA93D50008711F /* TvShowManage */ = {
			isa = PBXNativeTarget;
			buildConfigurationList = A2BF79281CAA93D60008711F /* Build configuration list for PBXNativeTarget "TvShowManage" */;
			buildPhases = (
				A2BF790A1CAA93D50008711F /* Sources */,
				A2BF790B1CAA93D50008711F /* Frameworks */,
				A2BF790C1CAA93D50008711F /* Resources */,
			);
			buildRules = (
			);
			dependencies = (
			);
			name = TvShowManage;
			productName = TvShowManage;
			productReference = A2BF790E1CAA93D50008711F /* TvShowManage.app */;
			productType = "com.apple.product-type.application";
		};
/* End PBXNativeTarget section */

/* Begin PBXProject section */
		A2BF79061CAA93D50008711F /* Project object */ = {
			isa = PBXProject;
			attributes = {
				LastUpgradeCheck = 0720;
				ORGANIZATIONNAME = shucheng;
				TargetAttributes = {
					A2BF790D1CAA93D50008711F = {
						CreatedOnToolsVersion = 7.2.1;
						DevelopmentTeam = CUWL8LY6HS;
					};
				};
			};
			buildConfigurationList = A2BF79091CAA93D50008711F /* Build configuration list for PBXProject "TvShowManage" */;
			compatibilityVersion = "Xcode 3.2";
			developmentRegion = English;
			hasScannedForEncodings = 0;
			knownRegions = (
				en,
				Base,
			);
			mainGroup = A2BF79051CAA93D50008711F;
			productRefGroup = A2BF790F1CAA93D50008711F /* Products */;
			projectDirPath = "";
			projectRoot = "";
			targets = (
				A2BF790D1CAA93D50008711F /* TvShowManage */,
			);
		};
/* End PBXProject section */

/* Begin PBXResourcesBuildPhase section */
		A2BF790C1CAA93D50008711F /* Resources */ = {
			isa = PBXResourcesBuildPhase;
			buildActionMask = 2147483647;
			files = (
				A2BF79241CAA93D60008711F /* LaunchScreen.storyboard in Resources */,
				A2BF79211CAA93D60008711F /* Assets.xcassets in Resources */,
				A2BF792F1CAAA3630008711F /* DataList.plist in Resources */,
				A224451C1CB24A13000E0A24 /* Info.plist in Resources */,
				A2BF791F1CAA93D60008711F /* Main.storyboard in Resources */,
			);
			runOnlyForDeploymentPostprocessing = 0;
		};
/* End PBXResourcesBuildPhase section */

/* Begin PBXSourcesBuildPhase section */
		A2BF790A1CAA93D50008711F /* Sources */ = {
			isa = PBXSourcesBuildPhase;
			buildActionMask = 2147483647;
			files = (
				A2C808461CAAC84A0012353A /* Entity.m in Sources */,
				A22445191CB24A13000E0A24 /* FMDatabasePool.m in Sources */,
				A224451B1CB24A13000E0A24 /* FMResultSet.m in Sources */,
				A2BF792D1CAA9E190008711F /* AddViewController.m in Sources */,
				A2BF791C1CAA93D60008711F /* SecondViewController.m in Sources */,
				A224451A1CB24A13000E0A24 /* FMDatabaseQueue.m in Sources */,
				A22445171CB24A13000E0A24 /* FMDatabase.m in Sources */,
				A2C8084F1CAB95EF0012353A /* Entity+information.m in Sources */,
				A2BF79161CAA93D50008711F /* AppDelegate.m in Sources */,
				A2C8080C1CAAC2860012353A /* TvShowManage.xcdatamodeld in Sources */,
				A22445181CB24A13000E0A24 /* FMDatabaseAdditions.m in Sources */,
				A2BF79191CAA93D60008711F /* FirstViewController.m in Sources */,
				A2BF79131CAA93D50008711F /* main.m in Sources */,
				A2C808451CAAC84A0012353A /* Entity+CoreDataProperties.m in Sources */,
			);
			runOnlyForDeploymentPostprocessing = 0;
		};
/* End PBXSourcesBuildPhase section */

/* Begin PBXVariantGroup section */
		A2BF791D1CAA93D60008711F /* Main.storyboard */ = {
			isa = PBXVariantGroup;
			children = (
				A2BF791E1CAA93D60008711F /* Base */,
			);
			name = Main.storyboard;
			sourceTree = "<group>";
		};
		A2BF79221CAA93D60008711F /* LaunchScreen.storyboard */ = {
			isa = PBXVariantGroup;
			children = (
				A2BF79231CAA93D60008711F /* Base */,
			);
			name = LaunchScreen.storyboard;
			sourceTree = "<group>";
		};
/* End PBXVariantGroup section */

/* Begin XCBuildConfiguration section */
		A2BF79261CAA93D60008711F /* Debug */ = {
			isa = XCBuildConfiguration;
			buildSettings = {
				ALWAYS_SEARCH_USER_PATHS = NO;
				CLANG_CXX_LANGUAGE_STANDARD = "gnu++0x";
				CLANG_CXX_LIBRARY = "libc++";
				CLANG_ENABLE_MODULES = YES;
				CLANG_ENABLE_OBJC_ARC = YES;
				CLANG_WARN_BOOL_CONVERSION = YES;
				CLANG_WARN_CONSTANT_CONVERSION = YES;
				CLANG_WARN_DIRECT_OBJC_ISA_USAGE = YES_ERROR;
				CLANG_WARN_EMPTY_BODY = YES;
				CLANG_WARN_ENUM_CONVERSION = YES;
				CLANG_WARN_INT_CONVERSION = YES;
				CLANG_WARN_OBJC_ROOT_CLASS = YES_ERROR;
				CLANG_WARN_UNREACHABLE_CODE = YES;
				CLANG_WARN__DUPLICATE_METHOD_MATCH = YES;
				"CODE_SIGN_IDENTITY[sdk=iphoneos*]" = "iPhone Developer";
				COPY_PHASE_STRIP = NO;
				DEBUG_INFORMATION_FORMAT = dwarf;
				ENABLE_STRICT_OBJC_MSGSEND = YES;
				ENABLE_TESTABILITY = YES;
				GCC_C_LANGUAGE_STANDARD = gnu99;
				GCC_DYNAMIC_NO_PIC = NO;
				GCC_NO_COMMON_BLOCKS = YES;
				GCC_OPTIMIZATION_LEVEL = 0;
				GCC_PREPROCESSOR_DEFINITIONS = (
					"DEBUG=1",
					"$(inherited)",
				);
				GCC_WARN_64_TO_32_BIT_CONVERSION = YES;
				GCC_WARN_ABOUT_RETURN_TYPE = YES_ERROR;
				GCC_WARN_UNDECLARED_SELECTOR = YES;
				GCC_WARN_UNINITIALIZED_AUTOS = YES_AGGRESSIVE;
				GCC_WARN_UNUSED_FUNCTION = YES;
				GCC_WARN_UNUSED_VARIABLE = YES;
				IPHONEOS_DEPLOYMENT_TARGET = 9.2;
				MTL_ENABLE_DEBUG_INFO = YES;
				ONLY_ACTIVE_ARCH = YES;
				SDKROOT = iphoneos;
				TARGETED_DEVICE_FAMILY = "1,2";
			};
			name = Debug;
		};
		A2BF79271CAA93D60008711F /* Release */ = {
			isa = XCBuildConfiguration;
			buildSettings = {
				ALWAYS_SEARCH_USER_PATHS = NO;
				CLANG_CXX_LANGUAGE_STANDARD = "gnu++0x";
				CLANG_CXX_LIBRARY = "libc++";
				CLANG_ENABLE_MODULES = YES;
				CLANG_ENABLE_OBJC_ARC = YES;
				CLANG_WARN_BOOL_CONVERSION = YES;
				CLANG_WARN_CONSTANT_CONVERSION = YES;
				CLANG_WARN_DIRECT_OBJC_ISA_USAGE = YES_ERROR;
				CLANG_WARN_EMPTY_BODY = YES;
				CLANG_WARN_ENUM_CONVERSION = YES;
				CLANG_WARN_INT_CONVERSION = YES;
				CLANG_WARN_OBJC_ROOT_CLASS = YES_ERROR;
				CLANG_WARN_UNREACHABLE_CODE = YES;
				CLANG_WARN__DUPLICATE_METHOD_MATCH = YES;
				"CODE_SIGN_IDENTITY[sdk=iphoneos*]" = "iPhone Developer";
				COPY_PHASE_STRIP = NO;
				DEBUG_INFORMATION_FORMAT = "dwarf-with-dsym";
				ENABLE_NS_ASSERTIONS = NO;
				ENABLE_STRICT_OBJC_MSGSEND = YES;
				GCC_C_LANGUAGE_STANDARD = gnu99;
				GCC_NO_COMMON_BLOCKS = YES;
				GCC_WARN_64_TO_32_BIT_CONVERSION = YES;
				GCC_WARN_ABOUT_RETURN_TYPE = YES_ERROR;
				GCC_WARN_UNDECLARED_SELECTOR = YES;
				GCC_WARN_UNINITIALIZED_AUTOS = YES_AGGRESSIVE;
				GCC_WARN_UNUSED_FUNCTION = YES;
				GCC_WARN_UNUSED_VARIABLE = YES;
				IPHONEOS_DEPLOYMENT_TARGET = 9.2;
				MTL_ENABLE_DEBUG_INFO = NO;
				SDKROOT = iphoneos;
				TARGETED_DEVICE_FAMILY = "1,2";
				VALIDATE_PRODUCT = YES;
			};
			name = Release;
		};
		A2BF79291CAA93D60008711F /* Debug */ = {
			isa = XCBuildConfiguration;
			buildSettings = {
				ASSETCATALOG_COMPILER_APPICON_NAME = AppIcon;
				CODE_SIGN_IDENTITY = "iPhone Developer";
				INFOPLIST_FILE = TvShowManage/Info.plist;
				LD_RUNPATH_SEARCH_PATHS = "$(inherited) @executable_path/Frameworks";
				PRODUCT_BUNDLE_IDENTIFIER = formal.TvShowManage;
				PRODUCT_NAME = "$(TARGET_NAME)";
			};
			name = Debug;
		};
		A2BF792A1CAA93D60008711F /* Release */ = {
			isa = XCBuildConfiguration;
			buildSettings = {
				ASSETCATALOG_COMPILER_APPICON_NAME = AppIcon;
				CODE_SIGN_IDENTITY = "iPhone Developer";
				INFOPLIST_FILE = TvShowManage/Info.plist;
				LD_RUNPATH_SEARCH_PATHS = "$(inherited) @executable_path/Frameworks";
				PRODUCT_BUNDLE_IDENTIFIER = formal.TvShowManage;
				PRODUCT_NAME = "$(TARGET_NAME)";
			};
			name = Release;
		};
/* End XCBuildConfiguration section */

/* Begin XCConfigurationList section */
		A2BF79091CAA93D50008711F /* Build configuration list for PBXProject "TvShowManage" */ = {
			isa = XCConfigurationList;
			buildConfigurations = (
				A2BF79261CAA93D60008711F /* Debug */,
				A2BF79271CAA93D60008711F /* Release */,
			);
			defaultConfigurationIsVisible = 0;
			defaultConfigurationName = Release;
		};
		A2BF79281CAA93D60008711F /* Build configuration list for PBXNativeTarget "TvShowManage" */ = {
			isa = XCConfigurationList;
			buildConfigurations = (
				A2BF79291CAA93D60008711F /* Debug */,
				A2BF792A1CAA93D60008711F /* Release */,
			);
			defaultConfigurationIsVisible = 0;
			defaultConfigurationName = Release;
		};
/* End XCConfigurationList section */

/* Begin XCVersionGroup section */
		A2C8080A1CAAC2860012353A /* TvShowManage.xcdatamodeld */ = {
			isa = XCVersionGroup;
			children = (
				A2C8080B1CAAC2860012353A /* TvShowManage.xcdatamodel */,
			);
			currentVersion = A2C8080B1CAAC2860012353A /* TvShowManage.xcdatamodel */;
			path = TvShowManage.xcdatamodeld;
			sourceTree = "<group>";
			versionGroupType = wrapper.xcdatamodel;
		};
/* End XCVersionGroup section */
	};
	rootObject = A2BF79061CAA93D50008711F /* Project object */;
}
